// !$*UTF8*$!
{
	archiveVersion = 1;
	classes = {
	};
	objectVersion = 50;
	objects = {

/* Begin PBXBuildFile section */
		D946E21E2794638D00E5B2DF /* CocoExamplePod.h in Headers */ = {isa = PBXBuildFile; fileRef = D946E21C2794638D00E5B2DF /* CocoExamplePod.h */; settings = {ATTRIBUTES = (Public, ); }; };
		D946E26F2794653200E5B2DF /* AppDelegate.swift in Sources */ = {isa = PBXBuildFile; fileRef = D946E26E2794653200E5B2DF /* AppDelegate.swift */; };
		D946E2712794653200E5B2DF /* SceneDelegate.swift in Sources */ = {isa = PBXBuildFile; fileRef = D946E2702794653200E5B2DF /* SceneDelegate.swift */; };
		D946E2732794653200E5B2DF /* ViewController.swift in Sources */ = {isa = PBXBuildFile; fileRef = D946E2722794653200E5B2DF /* ViewController.swift */; };
		D946E2762794653200E5B2DF /* Main.storyboard in Resources */ = {isa = PBXBuildFile; fileRef = D946E2742794653200E5B2DF /* Main.storyboard */; };
		D946E2782794653300E5B2DF /* Assets.xcassets in Resources */ = {isa = PBXBuildFile; fileRef = D946E2772794653300E5B2DF /* Assets.xcassets */; };
		D946E27B2794653300E5B2DF /* LaunchScreen.storyboard in Resources */ = {isa = PBXBuildFile; fileRef = D946E2792794653300E5B2DF /* LaunchScreen.storyboard */; };
		D946E2832794698B00E5B2DF /* SwiftyLib.swift in Sources */ = {isa = PBXBuildFile; fileRef = D946E2822794698B00E5B2DF /* SwiftyLib.swift */; };
/* End PBXBuildFile section */

/* Begin PBXFileReference section */
		D946E2192794638D00E5B2DF /* CocoExamplePod.framework */ = {isa = PBXFileReference; explicitFileType = wrapper.framework; includeInIndex = 0; path = CocoExamplePod.framework; sourceTree = BUILT_PRODUCTS_DIR; };
		D946E21C2794638D00E5B2DF /* CocoExamplePod.h */ = {isa = PBXFileReference; lastKnownFileType = sourcecode.c.h; path = CocoExamplePod.h; sourceTree = "<group>"; };
		D946E21D2794638D00E5B2DF /* Info.plist */ = {isa = PBXFileReference; lastKnownFileType = text.plist.xml; path = Info.plist; sourceTree = "<group>"; };
		D946E26C2794653200E5B2DF /* CocoExample.app */ = {isa = PBXFileReference; explicitFileType = wrapper.application; includeInIndex = 0; path = CocoExample.app; sourceTree = BUILT_PRODUCTS_DIR; };
		D946E26E2794653200E5B2DF /* AppDelegate.swift */ = {isa = PBXFileReference; lastKnownFileType = sourcecode.swift; path = AppDelegate.swift; sourceTree = "<group>"; };
		D946E2702794653200E5B2DF /* SceneDelegate.swift */ = {isa = PBXFileReference; lastKnownFileType = sourcecode.swift; path = SceneDelegate.swift; sourceTree = "<group>"; };
		D946E2722794653200E5B2DF /* ViewController.swift */ = {isa = PBXFileReference; lastKnownFileType = sourcecode.swift; path = ViewController.swift; sourceTree = "<group>"; };
		D946E2752794653200E5B2DF /* Base */ = {isa = PBXFileReference; lastKnownFileType = file.storyboard; name = Base; path = Base.lproj/Main.storyboard; sourceTree = "<group>"; };
		D946E2772794653300E5B2DF /* Assets.xcassets */ = {isa = PBXFileReference; lastKnownFileType = folder.assetcatalog; path = Assets.xcassets; sourceTree = "<group>"; };
		D946E27A2794653300E5B2DF /* Base */ = {isa = PBXFileReference; lastKnownFileType = file.storyboard; name = Base; path = Base.lproj/LaunchScreen.storyboard; sourceTree = "<group>"; };
		D946E27C2794653300E5B2DF /* Info.plist */ = {isa = PBXFileReference; lastKnownFileType = text.plist.xml; path = Info.plist; sourceTree = "<group>"; };
		D946E2822794698B00E5B2DF /* SwiftyLib.swift */ = {isa = PBXFileReference; lastKnownFileType = sourcecode.swift; path = SwiftyLib.swift; sourceTree = "<group>"; };
/* End PBXFileReference section */

/* Begin PBXFrameworksBuildPhase section */
		D946E2162794638D00E5B2DF /* Frameworks */ = {
			isa = PBXFrameworksBuildPhase;
			buildActionMask = 2147483647;
			files = (
			);
			runOnlyForDeploymentPostprocessing = 0;
		};
		D946E2692794653200E5B2DF /* Frameworks */ = {
			isa = PBXFrameworksBuildPhase;
			buildActionMask = 2147483647;
			files = (
			);
			runOnlyForDeploymentPostprocessing = 0;
		};
/* End PBXFrameworksBuildPhase section */

/* Begin PBXGroup section */
		D946E20F2794638D00E5B2DF = {
			isa = PBXGroup;
			children = (
				D946E21B2794638D00E5B2DF /* CocoExamplePod */,
				D946E26D2794653200E5B2DF /* CocoExample */,
				D946E21A2794638D00E5B2DF /* Products */,
			);
			sourceTree = "<group>";
		};
		D946E21A2794638D00E5B2DF /* Products */ = {
			isa = PBXGroup;
			children = (
				D946E2192794638D00E5B2DF /* CocoExamplePod.framework */,
				D946E26C2794653200E5B2DF /* CocoExample.app */,
			);
			name = Products;
			sourceTree = "<group>";
		};
		D946E21B2794638D00E5B2DF /* CocoExamplePod */ = {
			isa = PBXGroup;
			children = (
				D946E21C2794638D00E5B2DF /* CocoExamplePod.h */,
				D946E21D2794638D00E5B2DF /* Info.plist */,
				D946E2822794698B00E5B2DF /* SwiftyLib.swift */,
			);
			path = CocoExamplePod;
			sourceTree = "<group>";
		};
		D946E26D2794653200E5B2DF /* CocoExample */ = {
			isa = PBXGroup;
			children = (
				D946E26E2794653200E5B2DF /* AppDelegate.swift */,
				D946E2702794653200E5B2DF /* SceneDelegate.swift */,
				D946E2722794653200E5B2DF /* ViewController.swift */,
				D946E2742794653200E5B2DF /* Main.storyboard */,
				D946E2772794653300E5B2DF /* Assets.xcassets */,
				D946E2792794653300E5B2DF /* LaunchScreen.storyboard */,
				D946E27C2794653300E5B2DF /* Info.plist */,
			);
			path = CocoExample;
			sourceTree = "<group>";
		};
/* End PBXGroup section */

/* Begin PBXHeadersBuildPhase section */
		D946E2142794638D00E5B2DF /* Headers */ = {
			isa = PBXHeadersBuildPhase;
			buildActionMask = 2147483647;
			files = (
				D946E21E2794638D00E5B2DF /* CocoExamplePod.h in Headers */,
			);
			runOnlyForDeploymentPostprocessing = 0;
		};
/* End PBXHeadersBuildPhase section */

/* Begin PBXNativeTarget section */
		D946E2182794638D00E5B2DF /* CocoExamplePod */ = {
			isa = PBXNativeTarget;
			buildConfigurationList = D946E2212794638D00E5B2DF /* Build configuration list for PBXNativeTarget "CocoExamplePod" */;
			buildPhases = (
				D946E2142794638D00E5B2DF /* Headers */,
				D946E2152794638D00E5B2DF /* Sources */,
				D946E2162794638D00E5B2DF /* Frameworks */,
				D946E2172794638D00E5B2DF /* Resources */,
			);
			buildRules = (
			);
			dependencies = (
			);
			name = CocoExamplePod;
			productName = CocoExamplePod;
			productReference = D946E2192794638D00E5B2DF /* CocoExamplePod.framework */;
			productType = "com.apple.product-type.framework";
		};
		D946E26B2794653200E5B2DF /* CocoExample */ = {
			isa = PBXNativeTarget;
			buildConfigurationList = D946E27F2794653300E5B2DF /* Build configuration list for PBXNativeTarget "CocoExample" */;
			buildPhases = (
				D946E2682794653200E5B2DF /* Sources */,
				D946E2692794653200E5B2DF /* Frameworks */,
				D946E26A2794653200E5B2DF /* Resources */,
			);
			buildRules = (
			);
			dependencies = (
			);
			name = CocoExample;
			productName = CocoExample;
			productReference = D946E26C2794653200E5B2DF /* CocoExample.app */;
			productType = "com.apple.product-type.application";
		};
/* End PBXNativeTarget section */

/* Begin PBXProject section */
		D946E2102794638D00E5B2DF /* Project object */ = {
			isa = PBXProject;
			attributes = {
				LastSwiftUpdateCheck = 1210;
				LastUpgradeCheck = 1210;
				TargetAttributes = {
					D946E2182794638D00E5B2DF = {
						CreatedOnToolsVersion = 12.1;
						LastSwiftMigration = 1210;
					};
					D946E26B2794653200E5B2DF = {
						CreatedOnToolsVersion = 12.1;
					};
				};
			};
			buildConfigurationList = D946E2132794638D00E5B2DF /* Build configuration list for PBXProject "CocoExamplePod" */;
			compatibilityVersion = "Xcode 9.3";
			developmentRegion = en;
			hasScannedForEncodings = 0;
			knownRegions = (
				en,
				Base,
			);
			mainGroup = D946E20F2794638D00E5B2DF;
			productRefGroup = D946E21A2794638D00E5B2DF /* Products */;
			projectDirPath = "";
			projectRoot = "";
			targets = (
				D946E2182794638D00E5B2DF /* CocoExamplePod */,
				D946E26B2794653200E5B2DF /* CocoExample */,
			);
		};
/* End PBXProject section */

/* Begin PBXResourcesBuildPhase section */
		D946E2172794638D00E5B2DF /* Resources */ = {
			isa = PBXResourcesBuildPhase;
			buildActionMask = 2147483647;
			files = (
			);
			runOnlyForDeploymentPostprocessing = 0;
		};
		D946E26A2794653200E5B2DF /* Resources */ = {
			isa = PBXResourcesBuildPhase;
			buildActionMask = 2147483647;
			files = (
				D946E27B2794653300E5B2DF /* LaunchScreen.storyboard in Resources */,
				D946E2782794653300E5B2DF /* Assets.xcassets in Resources */,
				D946E2762794653200E5B2DF /* Main.storyboard in Resources */,
			);
			runOnlyForDeploymentPostprocessing = 0;
		};
/* End PBXResourcesBuildPhase section */

/* Begin PBXSourcesBuildPhase section */
		D946E2152794638D00E5B2DF /* Sources */ = {
			isa = PBXSourcesBuildPhase;
			buildActionMask = 2147483647;
			files = (
				D946E2832794698B00E5B2DF /* SwiftyLib.swift in Sources */,
			);
			runOnlyForDeploymentPostprocessing = 0;
		};
		D946E2682794653200E5B2DF /* Sources */ = {
			isa = PBXSourcesBuildPhase;
			buildActionMask = 2147483647;
			files = (
				D946E2732794653200E5B2DF /* ViewController.swift in Sources */,
				D946E26F2794653200E5B2DF /* AppDelegate.swift in Sources */,
				D946E2712794653200E5B2DF /* SceneDelegate.swift in Sources */,
			);
			runOnlyForDeploymentPostprocessing = 0;
		};
/* End PBXSourcesBuildPhase section */

/* Begin PBXVariantGroup section */
		D946E2742794653200E5B2DF /* Main.storyboard */ = {
			isa = PBXVariantGroup;
			children = (
				D946E2752794653200E5B2DF /* Base */,
			);
			name = Main.storyboard;
			sourceTree = "<group>";
		};
		D946E2792794653300E5B2DF /* LaunchScreen.storyboard */ = {
			isa = PBXVariantGroup;
			children = (
				D946E27A2794653300E5B2DF /* Base */,
			);
			name = LaunchScreen.storyboard;
			sourceTree = "<group>";
		};
/* End PBXVariantGroup section */

/* Begin XCBuildConfiguration section */
		D946E21F2794638D00E5B2DF /* Debug */ = {
			isa = XCBuildConfiguration;
			buildSettings = {
				ALWAYS_SEARCH_USER_PATHS = NO;
				CLANG_ANALYZER_NONNULL = YES;
				CLANG_ANALYZER_NUMBER_OBJECT_CONVERSION = YES_AGGRESSIVE;
				CLANG_CXX_LANGUAGE_STANDARD = "gnu++14";
				CLANG_CXX_LIBRARY = "libc++";
				CLANG_ENABLE_MODULES = YES;
				CLANG_ENABLE_OBJC_ARC = YES;
				CLANG_ENABLE_OBJC_WEAK = YES;
				CLANG_WARN_BLOCK_CAPTURE_AUTORELEASING = YES;
				CLANG_WARN_BOOL_CONVERSION = YES;
				CLANG_WARN_COMMA = YES;
				CLANG_WARN_CONSTANT_CONVERSION = YES;
				CLANG_WARN_DEPRECATED_OBJC_IMPLEMENTATIONS = YES;
				CLANG_WARN_DIRECT_OBJC_ISA_USAGE = YES_ERROR;
				CLANG_WARN_DOCUMENTATION_COMMENTS = YES;
				CLANG_WARN_EMPTY_BODY = YES;
				CLANG_WARN_ENUM_CONVERSION = YES;
				CLANG_WARN_INFINITE_RECURSION = YES;
				CLANG_WARN_INT_CONVERSION = YES;
				CLANG_WARN_NON_LITERAL_NULL_CONVERSION = YES;
				CLANG_WARN_OBJC_IMPLICIT_RETAIN_SELF = YES;
				CLANG_WARN_OBJC_LITERAL_CONVERSION = YES;
				CLANG_WARN_OBJC_ROOT_CLASS = YES_ERROR;
				CLANG_WARN_QUOTED_INCLUDE_IN_FRAMEWORK_HEADER = YES;
				CLANG_WARN_RANGE_LOOP_ANALYSIS = YES;
				CLANG_WARN_STRICT_PROTOTYPES = YES;
				CLANG_WARN_SUSPICIOUS_MOVE = YES;
				CLANG_WARN_UNGUARDED_AVAILABILITY = YES_AGGRESSIVE;
				CLANG_WARN_UNREACHABLE_CODE = YES;
				CLANG_WARN__DUPLICATE_METHOD_MATCH = YES;
				COPY_PHASE_STRIP = NO;
				CURRENT_PROJECT_VERSION = 1;
				DEBUG_INFORMATION_FORMAT = dwarf;
				ENABLE_STRICT_OBJC_MSGSEND = YES;
				ENABLE_TESTABILITY = YES;
				GCC_C_LANGUAGE_STANDARD = gnu11;
				GCC_DYNAMIC_NO_PIC = NO;
				GCC_NO_COMMON_BLOCKS = YES;
				GCC_OPTIMIZATION_LEVEL = 0;
				GCC_PREPROCESSOR_DEFINITIONS = (
					"DEBUG=1",
					"$(inherited)",
				);
				GCC_WARN_64_TO_32_BIT_CONVERSION = YES;
				GCC_WARN_ABOUT_RETURN_TYPE = YES_ERROR;
				GCC_WARN_UNDECLARED_SELECTOR = YES;
				GCC_WARN_UNINITIALIZED_AUTOS = YES_AGGRESSIVE;
				GCC_WARN_UNUSED_FUNCTION = YES;
				GCC_WARN_UNUSED_VARIABLE = YES;
				IPHONEOS_DEPLOYMENT_TARGET = 14.1;
				MTL_ENABLE_DEBUG_INFO = INCLUDE_SOURCE;
				MTL_FAST_MATH = YES;
				ONLY_ACTIVE_ARCH = YES;
				SDKROOT = iphoneos;
				SWIFT_ACTIVE_COMPILATION_CONDITIONS = DEBUG;
				SWIFT_OPTIMIZATION_LEVEL = "-Onone";
				VERSIONING_SYSTEM = "apple-generic";
				VERSION_INFO_PREFIX = "";
			};
			name = Debug;
		};
		D946E2202794638D00E5B2DF /* Release */ = {
			isa = XCBuildConfiguration;
			buildSettings = {
				ALWAYS_SEARCH_USER_PATHS = NO;
				CLANG_ANALYZER_NONNULL = YES;
				CLANG_ANALYZER_NUMBER_OBJECT_CONVERSION = YES_AGGRESSIVE;
				CLANG_CXX_LANGUAGE_STANDARD = "gnu++14";
				CLANG_CXX_LIBRARY = "libc++";
				CLANG_ENABLE_MODULES = YES;
				CLANG_ENABLE_OBJC_ARC = YES;
				CLANG_ENABLE_OBJC_WEAK = YES;
				CLANG_WARN_BLOCK_CAPTURE_AUTORELEASING = YES;
				CLANG_WARN_BOOL_CONVERSION = YES;
				CLANG_WARN_COMMA = YES;
				CLANG_WARN_CONSTANT_CONVERSION = YES;
				CLANG_WARN_DEPRECATED_OBJC_IMPLEMENTATIONS = YES;
				CLANG_WARN_DIRECT_OBJC_ISA_USAGE = YES_ERROR;
				CLANG_WARN_DOCUMENTATION_COMMENTS = YES;
				CLANG_WARN_EMPTY_BODY = YES;
				CLANG_WARN_ENUM_CONVERSION = YES;
				CLANG_WARN_INFINITE_RECURSION = YES;
				CLANG_WARN_INT_CONVERSION = YES;
				CLANG_WARN_NON_LITERAL_NULL_CONVERSION = YES;
				CLANG_WARN_OBJC_IMPLICIT_RETAIN_SELF = YES;
				CLANG_WARN_OBJC_LITERAL_CONVERSION = YES;
				CLANG_WARN_OBJC_ROOT_CLASS = YES_ERROR;
				CLANG_WARN_QUOTED_INCLUDE_IN_FRAMEWORK_HEADER = YES;
				CLANG_WARN_RANGE_LOOP_ANALYSIS = YES;
				CLANG_WARN_STRICT_PROTOTYPES = YES;
				CLANG_WARN_SUSPICIOUS_MOVE = YES;
				CLANG_WARN_UNGUARDED_AVAILABILITY = YES_AGGRESSIVE;
				CLANG_WARN_UNREACHABLE_CODE = YES;
				CLANG_WARN__DUPLICATE_METHOD_MATCH = YES;
				COPY_PHASE_STRIP = NO;
				CURRENT_PROJECT_VERSION = 1;
				DEBUG_INFORMATION_FORMAT = "dwarf-with-dsym";
				ENABLE_NS_ASSERTIONS = NO;
				ENABLE_STRICT_OBJC_MSGSEND = YES;
				GCC_C_LANGUAGE_STANDARD = gnu11;
				GCC_NO_COMMON_BLOCKS = YES;
				GCC_WARN_64_TO_32_BIT_CONVERSION = YES;
				GCC_WARN_ABOUT_RETURN_TYPE = YES_ERROR;
				GCC_WARN_UNDECLARED_SELECTOR = YES;
				GCC_WARN_UNINITIALIZED_AUTOS = YES_AGGRESSIVE;
				GCC_WARN_UNUSED_FUNCTION = YES;
				GCC_WARN_UNUSED_VARIABLE = YES;
				IPHONEOS_DEPLOYMENT_TARGET = 14.1;
				MTL_ENABLE_DEBUG_INFO = NO;
				MTL_FAST_MATH = YES;
				SDKROOT = iphoneos;
				SWIFT_COMPILATION_MODE = wholemodule;
				SWIFT_OPTIMIZATION_LEVEL = "-O";
				VALIDATE_PRODUCT = YES;
				VERSIONING_SYSTEM = "apple-generic";
				VERSION_INFO_PREFIX = "";
			};
			name = Release;
		};
		D946E2222794638D00E5B2DF /* Debug */ = {
			isa = XCBuildConfiguration;
			buildSettings = {
				CLANG_ENABLE_MODULES = YES;
				CODE_SIGN_STYLE = Automatic;
				DEFINES_MODULE = YES;
				DYLIB_COMPATIBILITY_VERSION = 1;
				DYLIB_CURRENT_VERSION = 1;
				DYLIB_INSTALL_NAME_BASE = "@rpath";
				INFOPLIST_FILE = CocoExamplePod/Info.plist;
				INSTALL_PATH = "$(LOCAL_LIBRARY_DIR)/Frameworks";
				IPHONEOS_DEPLOYMENT_TARGET = 13.0;
				LD_RUNPATH_SEARCH_PATHS = (
					"$(inherited)",
					"@executable_path/Frameworks",
					"@loader_path/Frameworks",
				);
				PRODUCT_BUNDLE_IDENTIFIER = com.sa.CocoExamplePod;
				PRODUCT_NAME = "$(TARGET_NAME:c99extidentifier)";
				SKIP_INSTALL = YES;
				SUPPORTS_MACCATALYST = YES;
				SWIFT_OPTIMIZATION_LEVEL = "-Onone";
				SWIFT_VERSION = 5.0;
				TARGETED_DEVICE_FAMILY = "1,2";
			};
			name = Debug;
		};
		D946E2232794638D00E5B2DF /* Release */ = {
			isa = XCBuildConfiguration;
			buildSettings = {
				CLANG_ENABLE_MODULES = YES;
				CODE_SIGN_STYLE = Automatic;
				DEFINES_MODULE = YES;
				DYLIB_COMPATIBILITY_VERSION = 1;
				DYLIB_CURRENT_VERSION = 1;
				DYLIB_INSTALL_NAME_BASE = "@rpath";
				INFOPLIST_FILE = CocoExamplePod/Info.plist;
				INSTALL_PATH = "$(LOCAL_LIBRARY_DIR)/Frameworks";
				IPHONEOS_DEPLOYMENT_TARGET = 13.0;
				LD_RUNPATH_SEARCH_PATHS = (
					"$(inherited)",
					"@executable_path/Frameworks",
					"@loader_path/Frameworks",
				);
				PRODUCT_BUNDLE_IDENTIFIER = com.sa.CocoExamplePod;
				PRODUCT_NAME = "$(TARGET_NAME:c99extidentifier)";
				SKIP_INSTALL = YES;
				SUPPORTS_MACCATALYST = YES;
				SWIFT_VERSION = 5.0;
				TARGETED_DEVICE_FAMILY = "1,2";
			};
			name = Release;
		};
		D946E27D2794653300E5B2DF /* Debug */ = {
			isa = XCBuildConfiguration;
			buildSettings = {
				ASSETCATALOG_COMPILER_APPICON_NAME = AppIcon;
				ASSETCATALOG_COMPILER_GLOBAL_ACCENT_COLOR_NAME = AccentColor;
				CODE_SIGN_STYLE = Automatic;
				INFOPLIST_FILE = CocoExample/Info.plist;
				LD_RUNPATH_SEARCH_PATHS = (
					"$(inherited)",
					"@executable_path/Frameworks",
				);
				PRODUCT_BUNDLE_IDENTIFIER = com.sa.CocoExample;
				PRODUCT_NAME = "$(TARGET_NAME)";
				SWIFT_VERSION = 5.0;
				TARGETED_DEVICE_FAMILY = "1,2";
			};
			name = Debug;
		};
		D946E27E2794653300E5B2DF /* Release */ = {
			isa = XCBuildConfiguration;
			buildSettings = {
				ASSETCATALOG_COMPILER_APPICON_NAME = AppIcon;
				ASSETCATALOG_COMPILER_GLOBAL_ACCENT_COLOR_NAME = AccentColor;
				CODE_SIGN_STYLE = Automatic;
				INFOPLIST_FILE = CocoExample/Info.plist;
				LD_RUNPATH_SEARCH_PATHS = (
					"$(inherited)",
					"@executable_path/Frameworks",
				);
				PRODUCT_BUNDLE_IDENTIFIER = com.sa.CocoExample;
				PRODUCT_NAME = "$(TARGET_NAME)";
				SWIFT_VERSION = 5.0;
				TARGETED_DEVICE_FAMILY = "1,2";
			};
			name = Release;
		};
/* End XCBuildConfiguration section */

/* Begin XCConfigurationList section */
		D946E2132794638D00E5B2DF /* Build configuration list for PBXProject "CocoExamplePod" */ = {
			isa = XCConfigurationList;
			buildConfigurations = (
				D946E21F2794638D00E5B2DF /* Debug */,
				D946E2202794638D00E5B2DF /* Release */,
			);
			defaultConfigurationIsVisible = 0;
			defaultConfigurationName = Release;
		};
		D946E2212794638D00E5B2DF /* Build configuration list for PBXNativeTarget "CocoExamplePod" */ = {
			isa = XCConfigurationList;
			buildConfigurations = (
				D946E2222794638D00E5B2DF /* Debug */,
				D946E2232794638D00E5B2DF /* Release */,
			);
			defaultConfigurationIsVisible = 0;
			defaultConfigurationName = Release;
		};
		D946E27F2794653300E5B2DF /* Build configuration list for PBXNativeTarget "CocoExample" */ = {
			isa = XCConfigurationList;
			buildConfigurations = (
				D946E27D2794653300E5B2DF /* Debug */,
				D946E27E2794653300E5B2DF /* Release */,
			);
			defaultConfigurationIsVisible = 0;
			defaultConfigurationName = Release;
		};
/* End XCConfigurationList section */
	};
	rootObject = D946E2102794638D00E5B2DF /* Project object */;
}
